
Microsoft Visual Studio Solution File, Format Version 12.00
# Visual Studio Version 17
VisualStudioVersion = 17.13.35825.156 d17.13
MinimumVisualStudioVersion = 10.0.40219.1
Project("{FAE04EC0-301F-11D3-BF4B-00C04F79EFBC}") = "Flutter Score Project", "Flutter Score Project\Flutter Score Project.csproj", "{51099E10-5EBC-4B84-A19A-242C8698BBD9}"
EndProject
Global
	GlobalSection(SolutionConfigurationPlatforms) = preSolution
		Debug|Any CPU = Debug|Any CPU
		Release|Any CPU = Release|Any CPU
	EndGlobalSection
	GlobalSection(ProjectConfigurationPlatforms) = postSolution
		{51099E10-5EBC-4B84-A19A-242C8698BBD9}.Debug|Any CPU.ActiveCfg = Debug|Any CPU
		{51099E10-5EBC-4B84-A19A-242C8698BBD9}.Debug|Any CPU.Build.0 = Debug|Any CPU
		{51099E10-5EBC-4B84-A19A-242C8698BBD9}.Release|Any CPU.ActiveCfg = Release|Any CPU
		{51099E10-5EBC-4B84-A19A-242C8698BBD9}.Release|Any CPU.Build.0 = Release|Any CPU
	EndGlobalSection
	GlobalSection(SolutionProperties) = preSolution
		HideSolutionNode = FALSE
	EndGlobalSection
	GlobalSection(ExtensibilityGlobals) = postSolution
		SolutionGuid = {DD94399D-AC6D-4BA8-8A26-D693C504FDEE}
	EndGlobalSection
EndGlobal
